astuart.co/goq v0.0.0-20180524212434-77b263fb8a92 h1:oYpWPVS81hzAqtxA6bpJJaThvb70OJxO8kTdtX3jaKY=
astuart.co/goq v0.0.0-20180524212434-77b263fb8a92/go.mod h1:meDtebwyKbSmzwf7oxdL2+VCCc7caNA+UTUxrvFqkfw=
github.com/PuerkitoBio/goquery v1.5.0 h1:uGvmFXOA73IKluu/F84Xd1tt/z07GYm8X49XKHP7EJk=
github.com/PuerkitoBio/goquery v1.5.0/go.mod h1:qD2PgZ9lccMbQlc7eEOjaeRlFQON7xY8kdmcsrnKqMg=
github.com/aead/siphash v1.0.1/go.mod h1:Nywa3cDsYNNK3gaciGTWPwHt0wlpNV15vwmswBAUSII=
github.com/agl/ed25519 v0.0.0-20170116200512-5312a6153412 h1:w1UutsfOrms1J05zt7ISrnJIXKzwaspym5BTKGx93EI=
github.com/agl/ed25519 v0.0.0-20170116200512-5312a6153412/go.mod h1:WPjqKcmVOxf0XSf3YxCJs6N6AOSrOx3obionmG7T0y0=
github.com/alcortesm/tgz v0.0.0-20161220082320-9c5fe88206d7 h1:uSoVVbwJiQipAclBbw+8quDsfcvFjOpI5iCf4p/cqCs=
github.com/alcortesm/tgz v0.0.0-20161220082320-9c5fe88206d7/go.mod h1:6zEj6s6u/ghQa61ZWa/C2Aw3RkjiTBOix7dkqa1VLIs=
github.com/andybalholm/cascadia v1.0.0 h1:hOCXnnZ5A+3eVDX8pvgl4kofXv2ELss0bKcqRySc45o=
github.com/andybalholm/cascadia v1.0.0/go.mod h1:GsXiBklL0woXo1j/WYWtSYYC4ouU9PqHO0sqidkEA4Y=
github.com/anmitsu/go-shlex v0.0.0-20161002113705-648efa622239 h1:kFOfPq6dUM1hTo4JG6LR5AXSUEsOjtdm0kw0FtQtMJA=
github.com/anmitsu/go-shlex v0.0.0-20161002113705-648efa622239/go.mod h1:2FmKhYUyUczH0OGQWaF5ceTx0UBShxjsH6f8oGKYe2c=
github.com/blang/semver v3.5.1+incompatible h1:cQNTCjp13qL8KC3Nbxr/y2Bqb63oX6wdnnjpJbkM4JQ=
github.com/blang/semver v3.5.1+incompatible/go.mod h1:kRBLl5iJ+tD4TcOOxsy/0fnwebNt5EWlYSAyrTnjyyk=
github.com/btcsuite/btcd v0.0.0-20190109040709-5bda5314ca95 h1:bmv+LE3sbjb/M06u2DBi92imeKj7KnCUBOvyZYqI8d8=
github.com/btcsuite/btcd v0.0.0-20190109040709-5bda5314ca95/go.mod h1:d3C0AkH6BRcvO8T0UEPu53cnw4IbV63x1bEjildYhO0=
github.com/btcsuite/btclog v0.0.0-20170628155309-84c8d2346e9f/go.mod h1:TdznJufoqS23FtqVCzL0ZqgP5MqXbb4fg/WgDys70nA=
github.com/btcsuite/btcutil v0.0.0-20180706230648-ab6388e0c60a/go.mod h1:+5NJ2+qvTyV9exUAL/rxXi3DcLg2Ts+ymUAY5y4NvMg=
github.com/btcsuite/go-socks v0.0.0-20170105172521-4720035b7bfd/go.mod h1:HHNXQzUsZCxOoE+CPiyCTO6x34Zs86zZUiwtpXoGdtg=
github.com/btcsuite/goleveldb v0.0.0-20160330041536-7834afc9e8cd/go.mod h1:F+uVaaLLH7j4eDXPRvw78tMflu7Ie2bzYOH4Y8rRKBY=
github.com/btcsuite/snappy-go v0.0.0-20151229074030-0bdef8d06723/go.mod h1:8woku9dyThutzjeg+3xrA5iCpBRH8XEEg3lh6TiUghc=
github.com/btcsuite/websocket v0.0.0-20150119174127-31079b680792/go.mod h1:ghJtEyQwv5/p4Mg4C0fgbePVuGr935/5ddU9Z3TmDRY=
github.com/btcsuite/winsvc v1.0.0/go.mod h1:jsenWakMcC0zFBFurPLEAyrnc/teJEM1O46fmI40EZs=
github.com/cheekybits/is v0.0.0-20150225183255-68e9c0620927 h1:SKI1/fuSdodxmNNyVBR8d7X/HuLnRpvvFO0AgyQk764=
github.com/cheekybits/is v0.0.0-20150225183255-68e9c0620927/go.mod h1:h/aW8ynjgkuj+NQRlZcDbAbM1ORAbXjXX77sX7T289U=
github.com/davecgh/go-spew v0.0.0-20171005155431-ecdeabc65495/go.mod h1:J7Y8YcW2NihsgmVo/mv3lAwl/skON4iLHjSsI+c5H38=
github.com/davecgh/go-spew v1.1.1 h1:vj9j/u1bqnvCEfJOwUhtlOARqs3+rkHYY13jYWTU97c=
github.com/davecgh/go-spew v1.1.1/go.mod h1:J7Y8YcW2NihsgmVo/mv3lAwl/skON4iLHjSsI+c5H38=
github.com/emirpasic/gods v1.9.0 h1:rUF4PuzEjMChMiNsVjdI+SyLu7rEqpQ5reNFnhC7oFo=
github.com/emirpasic/gods v1.9.0/go.mod h1:YfzfFFoVP/catgzJb4IKIqXjX78Ha8FMSDh3ymbK86o=
github.com/flynn/go-shlex v0.0.0-20150515145356-3f9db97f8568 h1:BHsljHzVlRcyQhjrss6TZTdY2VfCqZPbv5k3iBFa2ZQ=
github.com/flynn/go-shlex v0.0.0-20150515145356-3f9db97f8568/go.mod h1:xEzjJPgXI435gkrCt3MPfRiAkVrwSbHsst4LCFVfpJc=
github.com/fsnotify/fsnotify v1.4.7/go.mod h1:jwhsz4b93w/PPRr/qN1Yymfu8t87LnFCMoQvtojpjFo=
github.com/gliderlabs/ssh v0.1.1 h1:j3L6gSLQalDETeEg/Jg0mGY0/y/N6zI2xX1978P0Uqw=
github.com/gliderlabs/ssh v0.1.1/go.mod h1:U7qILu1NlMHj9FlMhZLlkCdDnU1DBEAqr0aevW3Awn0=
github.com/gogo/protobuf v1.2.0 h1:xU6/SpYbvkNYiptHJYEDRseDLvYE7wSqhYYNy0QSUzI=
github.com/gogo/protobuf v1.2.0/go.mod h1:r8qH/GZQm5c6nD/R0oafs1akxWv10x8SbQlK7atdtwQ=
github.com/golang/protobuf v1.2.0/go.mod h1:6lQm79b+lXiMfvg/cZm0SGofjICqVBUtrP5yJMmIC1U=
github.com/google/go-cmp v0.2.0 h1:+dTQ8DZQJz0Mb/HjFlkptS1FeQ4cWSnN941F8aEG4SQ=
github.com/google/go-cmp v0.2.0/go.mod h1:oXzfMopK8JAjlY9xF4vHSVASa0yLyX7SntLO5aqRK0M=
github.com/gxed/hashland v0.0.0-20180221191214-d9f6b97f8db2 h1:neM/RzmgBKxsJ3ioEZnIQmgQQq/sn6xDqYOEYnH3RYM=
github.com/gxed/hashland v0.0.0-20180221191214-d9f6b97f8db2/go.mod h1:YUhWml1NaWLTNBl4NPptkB8MadfaIhgq+a2TRc+Mw4Q=
github.com/hpcloud/tail v1.0.0/go.mod h1:ab1qPbhIpdTxEkNHXyeSf5vhxWSCs/tWer42PpOxQnU=
github.com/ipfs/go-ipfs-api v1.3.3-0.20181230163852-a81f9093bbd3 h1:IJ3q8D3L3OfYK3iT6B5VTOBTNDrQ5dDRRh+kknSc6V4=
github.com/ipfs/go-ipfs-api v1.3.3-0.20181230163852-a81f9093bbd3/go.mod h1:YWGjU+7Bdls1CpvsKsV6EsQ/KMyQqSpBru2hme/5WQg=
github.com/ipfs/go-ipfs-files v0.0.0-20181213224250-86b2cb84da86 h1:amTSjPR6Bx2sDyjKO2wZniPI9g/fpYDsRXqXCyXNhdk=
github.com/ipfs/go-ipfs-files v0.0.0-20181213224250-86b2cb84da86/go.mod h1:6m71fxPZM2eOasRmgz6ryrSpTkriYsggu2Cnv2cu+jA=
github.com/jbenet/go-context v0.0.0-20150711004518-d14ea06fba99 h1:BQSFePA1RWJOlocH6Fxy8MmwDt+yVQYULKfN0RoTN8A=
github.com/jbenet/go-context v0.0.0-20150711004518-d14ea06fba99/go.mod h1:1lJo3i6rXxKeerYnT8Nvf0QmHCRC1n8sfWVwXF2Frvo=
github.com/jessevdk/go-flags v0.0.0-20141203071132-1679536dcc89/go.mod h1:4FA24M0QyGHXBuZZK/XkWh8h0e1EYbRYJSGM75WSRxI=
github.com/jessevdk/go-flags v1.4.0/go.mod h1:4FA24M0QyGHXBuZZK/XkWh8h0e1EYbRYJSGM75WSRxI=
github.com/jrick/logrotate v1.0.0/go.mod h1:LNinyqDIJnpAur+b8yyulnQw/wDuN1+BYKlTRt3OuAQ=
github.com/kevinburke/ssh_config v0.0.0-20180830205328-81db2a75821e h1:RgQk53JHp/Cjunrr1WlsXSZpqXn+uREuHvUVcK82CV8=
github.com/kevinburke/ssh_config v0.0.0-20180830205328-81db2a75821e/go.mod h1:CT57kijsi8u/K/BOFA39wgDQJ9CxiF4nAY/ojJ6r6mM=
github.com/kkdai/bstream v0.0.0-20161212061736-f391b8402d23/go.mod h1:J+Gs4SYgM6CZQHDETBtE9HaSEkGmuNXF86RwHhHUvq4=
github.com/kr/pretty v0.1.0 h1:L/CwN0zerZDmRFUapSPitk6f+Q3+0za1rQkzVuMiMFI=
github.com/kr/pretty v0.1.0/go.mod h1:dAy3ld7l9f0ibDNOQOHHMYYIIbhfbHSm3C4ZsoJORNo=
github.com/kr/pty v1.1.1/go.mod h1:pFQYn66WHrOpPYNljwOMqo10TkYh1fy3cYio2l3bCsQ=
github.com/kr/text v0.1.0 h1:45sCR5RtlFHMR4UwH9sdQ5TC8v0qDQCHnXt+kaKSTVE=
github.com/kr/text v0.1.0/go.mod h1:4Jbv+DJW3UT/LiOwJeYQe1efqtUx/iVham/4vfdArNI=
github.com/libp2p/go-flow-metrics v0.2.0 h1:GAJSg/g+xLuc7vz0RN96pRA9q/n5b5+Hs6SndagmOR4=
github.com/libp2p/go-flow-metrics v0.2.0/go.mod h1:Iv1GH0sG8DtYN3SVJ2eG221wMiNpZxBdp967ls1g+k8=
github.com/libp2p/go-libp2p-crypto v2.0.1+incompatible h1:JAnZYupeAsZI5UqX50N9MWAVNO5HIfkow249YcmuvVs=
github.com/libp2p/go-libp2p-crypto v2.0.1+incompatible/go.mod h1:WHpT3tvhh7GM2INNJhQBuI6J+5z/o3QI0lTF5UVjppk=
github.com/libp2p/go-libp2p-metrics v2.1.7+incompatible h1:daZgPZley96uWijqkfphS+EjNgj+wkMaNZA7Ie/O0t8=
github.com/libp2p/go-libp2p-metrics v2.1.7+incompatible/go.mod h1:ko4lRyuvbgwwxD2TJvt2RHONahjJlkn6l7L/iEbJBf0=
github.com/libp2p/go-libp2p-peer v2.4.0+incompatible h1:1THIuO/h7GuITklYS7RgGCyoVl8aP9XH4NcokcdhDZc=
github.com/libp2p/go-libp2p-peer v2.4.0+incompatible/go.mod h1:fS2eFKRO1IomwBAf+SuE8P1XOT/AAiqSgVPNIFA7Jc0=
github.com/libp2p/go-libp2p-protocol v1.0.0 h1:6AnF76m2VjjiaDisOahQnWSnX2WWaISOXC7q9/YJIrM=
github.com/libp2p/go-libp2p-protocol v1.0.0/go.mod h1:Af9n4PiruirSDjHycM1QuiMi/1VZNHYcK8cLgFJLZ4s=
github.com/minio/blake2b-simd v0.0.0-20160723061019-3f5f724cb5b1 h1:lYpkrQH5ajf0OXOcUbGjvZxxijuBwbbmlSxLiuofa+g=
github.com/minio/blake2b-simd v0.0.0-20160723061019-3f5f724cb5b1/go.mod h1:pD8RvIylQ358TN4wwqatJ8rNavkEINozVn9DtGI3dfQ=
github.com/minio/sha256-simd v0.0.0-20190108234304-79eac576c45d h1:EE9Z/8xy3lJ1UApbziZ6wDRIo1pH5pEZemcOqu/XsE0=
github.com/minio/sha256-simd v0.0.0-20190108234304-79eac576c45d/go.mod h1:2FMWW+8GMoPweT6+pI63m9YE3Lmw4J71hV56Chs1E/U=
github.com/mitchellh/go-homedir v1.0.0 h1:vKb8ShqSby24Yrqr/yDYkuFz8d0WUjys40rvnGC8aR0=
github.com/mitchellh/go-homedir v1.0.0/go.mod h1:SfyaCUpYCn1Vlf4IUYiD9fPX4A5wJrkLzIz1N1q0pr0=
github.com/mr-tron/base58 v1.1.0 h1:Y51FGVJ91WBqCEabAi5OPUz38eAx8DakuAm5svLcsfQ=
github.com/mr-tron/base58 v1.1.0/go.mod h1:xcD2VGqlgYjBdcBLw+TuYLr8afG+Hj8g2eTVqeSzSU8=
github.com/mrosset/gurl v0.0.0-20190107030345-a652a1423a55 h1:x4FskuH3pPvXiDSxpt2S0AKs8qqLLclDse5y2PXutpM=
github.com/mrosset/gurl v0.0.0-20190107030345-a652a1423a55/go.mod h1:fEj1eN6DT+DunFWvDACSkc+ViH0UVwx6zk9josomR+Q=
github.com/mrosset/gurl v0.0.0-20190115075543-4e89645fd339 h1:S00fr58OxGE+mtICvKCktaO0tRRuuoxPcpcpyGiICyw=
github.com/mrosset/gurl v0.0.0-20190115075543-4e89645fd339/go.mod h1:fEj1eN6DT+DunFWvDACSkc+ViH0UVwx6zk9josomR+Q=
github.com/mrosset/progmeter v0.0.0-20190130144731-b13e88c0c313 h1:MpP11qJkWdGgADuiVdrirVfBxoMaEjzr24dnPcoFczY=
github.com/mrosset/progmeter v0.0.0-20190130144731-b13e88c0c313/go.mod h1:DeQDHU7KBGT5x8p3TYNERLWKCuklUGOjd1EBeA1ZPP8=
github.com/mrosset/util v0.0.0-20171017103019-cbd40a79bc60 h1:MlFT1ZaIXUEdfX/Oi+o5bTRFRkqq0FyxdI321MHz3L8=
github.com/mrosset/util v0.0.0-20171017103019-cbd40a79bc60/go.mod h1:7yGYKM5rHeJePKGQ7Q1JFFNc5A+Y28LqrsnerU8gGA4=
github.com/multiformats/go-multiaddr v1.4.0 h1:xt9fCCmSyTosXSvEhEqYnC75LiaDSdXycwOLJaDGPic=
github.com/multiformats/go-multiaddr v1.4.0/go.mod h1:1JAWc2R8uiQTLrCHI/lmOkXYu5B8025fQbZjq8//YgY=
github.com/multiformats/go-multiaddr-dns v0.2.5 h1:crSx6SJfKB1tHracH472jVXlMuw+JfaykVi6dNu/4ao=
github.com/multiformats/go-multiaddr-dns v0.2.5/go.mod h1:IGZKFM4G96cYgdMcUmHx5gtJxiHmvZLTQ9rdWXMKJyo=
github.com/multiformats/go-multiaddr-net v1.7.1 h1:1k758hMzdVA8+qE2z705TNWeemoi+oayshZwHBTWzcU=
github.com/multiformats/go-multiaddr-net v1.7.1/go.mod h1:AO4WqKzxLt+paJ0N0kufj6teQ2R6fZbnItDvGTwilmk=
github.com/multiformats/go-multihash v1.0.8 h1:v/1HVWH2gq7IZGnFXrTsjoG2I5XIsU5gXiGH5SH915k=
github.com/multiformats/go-multihash v1.0.8/go.mod h1:sT17phG+xVgnrZc8ht/ZoCIV0sKRwvmZkXk46UfSxM4=
github.com/onsi/ginkgo v1.6.0/go.mod h1:lLunBs/Ym6LB5Z9jYTR76FiuTmxDTDusOGeTQH+WWjE=
github.com/onsi/ginkgo v1.7.0/go.mod h1:lLunBs/Ym6LB5Z9jYTR76FiuTmxDTDusOGeTQH+WWjE=
github.com/onsi/gomega v1.4.3/go.mod h1:ex+gbHU/CVuBBDIJjb2X0qEXbFg53c61hWP/1CpauHY=
github.com/pelletier/go-buffruneio v0.2.0 h1:U4t4R6YkofJ5xHm3dJzuRpPZ0mr5MMCoAWooScCR7aA=
github.com/pelletier/go-buffruneio v0.2.0/go.mod h1:JkE26KsDizTr40EUHkXVtNPvgGtbSNq5BcowyYOWdKo=
github.com/pkg/errors v0.8.0 h1:WdK/asTD0HN+q6hsWO3/vpuAkAr+tw6aNJNDFFf0+qw=
github.com/pkg/errors v0.8.0/go.mod h1:bwawxfHBFNV+L2hUp1rHADufV3IMtnDRdf1r5NINEl0=
github.com/pmezard/go-difflib v1.0.0 h1:4DBwDE0NGyQoBHbLQYPwSUPoCMWR5BEzIk/f1lZbAQM=
github.com/pmezard/go-difflib v1.0.0/go.mod h1:iKH77koFhYxTK1pcRnkKkqfTogsbg7gZNVY4sRDYZ/4=
github.com/sergi/go-diff v1.0.0 h1:Kpca3qRNrduNnOQeazBd0ysaKrUJiIuISHxogkT9RPQ=
github.com/sergi/go-diff v1.0.0/go.mod h1:0CfEIISq7TuYL3j771MWULgwwjU+GofnZX9QAmXWZgo=
github.com/spaolacci/murmur3 v0.0.0-20180118202830-f09979ecbc72 h1:qLC7fQah7D6K1B0ujays3HV9gkFtllcxhzImRR7ArPQ=
github.com/spaolacci/murmur3 v0.0.0-20180118202830-f09979ecbc72/go.mod h1:JwIasOWyU6f++ZhiEuf87xNszmSA2myDM2Kzu9HwQUA=
github.com/src-d/gcfg v1.4.0 h1:xXbNR5AlLSA315x2UO+fTSSAXCDf+Ar38/6oyGbDKQ4=
github.com/src-d/gcfg v1.4.0/go.mod h1:p/UMsR43ujA89BJY9duynAwIpvqEujIH/jFlfL7jWoI=
github.com/stretchr/testify v1.2.2 h1:bSDNvY7ZPG5RlJ8otE/7V6gMiyenm9RtJ7IUVIAoJ1w=
github.com/stretchr/testify v1.2.2/go.mod h1:a8OnRcib4nhh0OaRAV+Yts87kKdq0PP7pXfy6kDkUVs=
github.com/whyrusleeping/progmeter v0.0.0-20180725015555-f3e57218a75b h1:jMJLc+G2DWK2ZX+C+X4Jv7x2ss+XReNGNMpQ+a3fdqo=
github.com/whyrusleeping/progmeter v0.0.0-20180725015555-f3e57218a75b/go.mod h1:gyCeSVnUb+LQh0QCWbg0Sl30ckl2YgNC+yvSFvy5mFY=
github.com/whyrusleeping/tar-utils v0.0.0-20180509141711-8c6c8ba81d5c h1:GGsyl0dZ2jJgVT+VvWBf/cNijrHRhkrTjkmp5wg7li0=
github.com/whyrusleeping/tar-utils v0.0.0-20180509141711-8c6c8ba81d5c/go.mod h1:xxcJeBb7SIUl/Wzkz1eVKJE/CB34YNrqX2TQI6jY9zs=
github.com/xanzy/ssh-agent v0.2.0 h1:Adglfbi5p9Z0BmK2oKU9nTG+zKfniSfnaMYB+ULd+Ro=
github.com/xanzy/ssh-agent v0.2.0/go.mod h1:0NyE30eGUDliuLEHJgYte/zncp2zdTStcOnWhgSqHD8=
golang.org/x/crypto v0.0.0-20170930174604-9419663f5a44/go.mod h1:6SG95UA2DQfeDnfUPMdvaQW0Q7yPrPDi9nlGo2tz2b4=
golang.org/x/crypto v0.0.0-20180904163835-0709b304e793/go.mod h1:6SG95UA2DQfeDnfUPMdvaQW0Q7yPrPDi9nlGo2tz2b4=
golang.org/x/crypto v0.0.0-20190103213133-ff983b9c42bc h1:F5tKCVGp+MUAHhKp5MZtGqAlGX3+oCsiL1Q629FL90M=
golang.org/x/crypto v0.0.0-20190103213133-ff983b9c42bc/go.mod h1:6SG95UA2DQfeDnfUPMdvaQW0Q7yPrPDi9nlGo2tz2b4=
golang.org/x/net v0.0.0-20180218175443-cbe0f9307d01/go.mod h1:mL1N/T3taQHkDXs73rZJwtUhF3w3ftmwwsq0BUmARs4=
golang.org/x/net v0.0.0-20180906233101-161cd47e91fd h1:nTDtHvHSdCn1m6ITfMRqtOd/9+7a3s8RBNOZ3eYZzJA=
golang.org/x/net v0.0.0-20180906233101-161cd47e91fd/go.mod h1:mL1N/T3taQHkDXs73rZJwtUhF3w3ftmwwsq0BUmARs4=
golang.org/x/net v0.0.0-20181114220301-adae6a3d119a h1:gOpx8G595UYyvj8UK4+OFyY4rx037g3fmfhe5SasG3U=
golang.org/x/net v0.0.0-20181114220301-adae6a3d119a/go.mod h1:mL1N/T3taQHkDXs73rZJwtUhF3w3ftmwwsq0BUmARs4=
golang.org/x/sync v0.0.0-20180314180146-1d60e4601c6f/go.mod h1:RxMgew5VJxzue5/jJTE5uejpjVlOe/izrB70Jof72aM=
golang.org/x/sys v0.0.0-20180903190138-2b024373dcd9 h1:lkiLiLBHGoH3XnqSLUIaBsilGMUjI+Uy2Xu2JLUtTas=
golang.org/x/sys v0.0.0-20180903190138-2b024373dcd9/go.mod h1:STP8DvDyc/dI5b8T5hshtkjS+E42TnysNCUPdjciGhY=
golang.org/x/sys v0.0.0-20180909124046-d0be0721c37e h1:o3PsSEY8E4eXWkXrIP9YJALUkVZqzHJT5DOasTyn8Vs=
golang.org/x/sys v0.0.0-20180909124046-d0be0721c37e/go.mod h1:STP8DvDyc/dI5b8T5hshtkjS+E42TnysNCUPdjciGhY=
golang.org/x/text v0.3.0 h1:g61tztE5qeGQ89tm6NTjjM9VPIm088od1l6aSorWRWg=
golang.org/x/text v0.3.0/go.mod h1:NqM8EUOU14njkJ3fqMW+pc6Ldnwhi/IjpwHt7yyuwOQ=
gopkg.in/check.v1 v0.0.0-20161208181325-20d25e280405/go.mod h1:Co6ibVJAznAaIkqp8huTwlJQCZ016jof/cbN4VW5Yz0=
gopkg.in/check.v1 v1.0.0-20180628173108-788fd7840127 h1:qIbj1fsPNlZgppZ+VLlY7N33q108Sa+fhmuc+sWQYwY=
gopkg.in/check.v1 v1.0.0-20180628173108-788fd7840127/go.mod h1:Co6ibVJAznAaIkqp8huTwlJQCZ016jof/cbN4VW5Yz0=
gopkg.in/fsnotify.v1 v1.4.7/go.mod h1:Tz8NjZHkW78fSQdbUxIjBTcgA1z1m8ZHf0WmKUhAMys=
gopkg.in/src-d/go-billy.v4 v4.2.1 h1:omN5CrMrMcQ+4I8bJ0wEhOBPanIRWzFC953IiXKdYzo=
gopkg.in/src-d/go-billy.v4 v4.2.1/go.mod h1:tm33zBoOwxjYHZIE+OV8bxTWFMJLrconzFMd38aARFk=
gopkg.in/src-d/go-git-fixtures.v3 v3.1.1 h1:XWW/s5W18RaJpmo1l0IYGqXKuJITWRFuA45iOf1dKJs=
gopkg.in/src-d/go-git-fixtures.v3 v3.1.1/go.mod h1:dLBcvytrw/TYZsNTWCnkNF2DSIlzWYqTe3rJR56Ac7g=
gopkg.in/src-d/go-git.v4 v4.8.1 h1:aAyBmkdE1QUUEHcP4YFCGKmsMQRAuRmUcPEQR7lOAa0=
gopkg.in/src-d/go-git.v4 v4.8.1/go.mod h1:Vtut8izDyrM8BUVQnzJ+YvmNcem2J89EmfZYCkLokZk=
gopkg.in/tomb.v1 v1.0.0-20141024135613-dd632973f1e7/go.mod h1:dt/ZhP58zS4L8KSrWDmTeBkI65Dw0HsyUHuEVlX15mw=
gopkg.in/urfave/cli.v2 v2.0.0-20180128182452-d3ae77c26ac8 h1:Ggy3mWN4l3PUFPfSG0YB3n5fVYggzysUmiUQ89SnX6Y=
gopkg.in/urfave/cli.v2 v2.0.0-20180128182452-d3ae77c26ac8/go.mod h1:cKXr3E0k4aosgycml1b5z33BVV6hai1Kh7uDgFOkbcs=
gopkg.in/warnings.v0 v0.1.2 h1:wFXVbFY8DY5/xOe1ECiWdKCzZlxgshcYVNkBHstARME=
gopkg.in/warnings.v0 v0.1.2/go.mod h1:jksf8JmL6Qr/oQM2OXTHunEvvTAsrWBLb6OOjuVWRNI=
gopkg.in/yaml.v2 v2.2.1/go.mod h1:hI93XBmqTisBFMUTm0b8Fm+jr3Dg1NNxqwp+5A1VGuI=
